cloud.google.com/go v0.100.2 h1:t9Iw5QH5v4XtlEQaCtUY7x6sCABps8sW0acw7e2WQ6Y=
cloud.google.com/go/compute v1.3.0 h1:mPL/MzDDYHsh5tHRS9mhmhWlcgClCrCa6ApQCU6wnHI=
cloud.google.com/go/compute v1.3.0/go.mod h1:cCZiE1NHEtai4wiufUhW8I8S1JKkAnhnQJWM7YD99wM=
github.com/golang/groupcache v0.0.0-20210331224755-41bb18bfe9da h1:oI5xCqsCo564l8iNU+DwB5epxmsaqB+rhGL0m5jtYqE=
github.com/golang/groupcache v0.0.0-20210331224755-41bb18bfe9da/go.mod h1:cIg4eruTrX1D+g88fzRXU5OdNfaM+9IcxsU14FzY7Hc=
github.com/golang/protobuf v1.5.2 h1:ROPKBNFfQgOUMifHyP+KYbvpjbdoFNs+aK7DXlji0Tw=
github.com/golang/protobuf v1.5.2/go.mod h1:XVQd3VNwM+JqD3oG2Ue2ip4fOMUkwXdXDdiuN0vRsmY=
github.com/googleapis/gax-go/v2 v2.1.1 h1:dp3bWCh+PPO1zjRRiCSczJav13sBvG4UhNyVTa1KqdU=
github.com/googleapis/gax-go/v2 v2.1.1/go.mod h1:hddJymUZASv3XPyGkUpKj8pPO47Rmb0eJc8R6ouapiM=
go.opencensus.io v0.23.0 h1:gqCw0LfLxScz8irSi8exQc7fyQ0fKQU/qnC/X8+V/1M=
go.opencensus.io v0.23.0/go.mod h1:XItmlyltB5F7CS4xOC1DcqMoFqwtC6OG2xF7mCv7P7E=
golang.org/x/net v0.0.0-20220127200216-cd36cc0744dd h1:O7DYs+zxREGLKzKoMQrtrEacpb0ZVXA5rIwylE2Xchk=
golang.org/x/net v0.0.0-20220127200216-cd36cc0744dd/go.mod h1:CfG3xpIq0wQ8r1q4Su4UZFWDARRcnwPjda9FqA0JpMk=
golang.org/x/oauth2 v0.0.0-20211104180415-d3ed0bb246c8 h1:RerP+noqYHUQ8CMRcPlC2nvTa4dcBIjegkuWdcUDuqg=
golang.org/x/oauth2 v0.0.0-20211104180415-d3ed0bb246c8/go.mod h1:KelEdhl1UZF7XfJ4dDtk6s++YSgaE7mD/BuKKDLBl4A=
golang.org/x/sys v0.0.0-20220209214540-3681064d5158 h1:rm+CHSpPEEW2IsXUib1ThaHIjuBVZjxNgSKmBLFfD4c=
golang.org/x/sys v0.0.0-20220209214540-3681064d5158/go.mod h1:oPkhp1MJrh7nUepCBck5+mAzfO9JrbApNNgaTdGDITg=
golang.org/x/text v0.3.7 h1:olpwvP2KacW1ZWvsR7uQhoyTYvKAupfQrRGBFM352Gk=
golang.org/x/text v0.3.7/go.mod h1:u+2+/6zg+i71rQMx5EYifcz6MCKuco9NR6JIITiCfzQ=
google.golang.org/api v0.69.0 h1:yHW5s2SFyDapr/43kYtIQmoaaFVW4baLMLwqV4auj2A=
google.golang.org/api v0.69.0/go.mod h1:boanBiw+h5c3s+tBPgEzLDRHfFLWV0qXxRHz3ws7C80=
google.golang.org/appengine v1.6.7 h1:FZR1q0exgwxzPzp/aF+VccGrSfxfPpkBqjIIEq3ru6c=
google.golang.org/appengine v1.6.7/go.mod h1:8WjMMxjGQR8xUklV/ARdw2HLXBOI7O7uCIDZVag1xfc=
google.golang.org/genproto v0.0.0-20220218161850-94dd64e39d7c h1:TU4rFa5APdKTq0s6B7WTsH6Xmx0Knj86s6Biz56mErE=
google.golang.org/genproto v0.0.0-20220218161850-94dd64e39d7c/go.mod h1:kGP+zUP2Ddo0ayMi4YuN7C3WZyJvGLZRh8Z5wnAqvEI=
google.golang.org/grpc v1.44.0 h1:weqSxi/TMs1SqFRMHCtBgXRs8k3X39QIDEZ0pRcttUg=
google.golang.org/grpc v1.44.0/go.mod h1:k+4IHHFw41K8+bbowsex27ge2rCb65oeWqe4jJ590SU=
google.golang.org/protobuf v1.27.1 h1:SnqbnDw1V7RiZcXPx5MEeqPv2s79L9i7BJUlG/+RurQ=
google.golang.org/protobuf v1.27.1/go.mod h1:9q0QmTI4eRPtz6boOQmLYwt+qCgq0jsYwAQnmE0givc=
